
Microsoft Visual Studio Solution File, Format Version 12.00
# Visual Studio Version 17
VisualStudioVersion = 17.0.31903.59
MinimumVisualStudioVersion = 10.0.40219.1
Project("{9A19103F-16F7-4668-BE54-9A1E7A4F7556}") = "Finance.Core", "Finance.Core\Finance.Core.csproj", "{CF498126-780D-438C-80CB-EA2E62FFFE87}"
EndProject
Project("{9A19103F-16F7-4668-BE54-9A1E7A4F7556}") = "Finance.Api", "Finance.Api\Finance.Api.csproj", "{352DCC16-E2E4-4895-B313-4A7220E390CD}"
EndProject
Global
	GlobalSection(SolutionConfigurationPlatforms) = preSolution
		Debug|Any CPU = Debug|Any CPU
		Release|Any CPU = Release|Any CPU
	EndGlobalSection
	GlobalSection(ProjectConfigurationPlatforms) = postSolution
		{CF498126-780D-438C-80CB-EA2E62FFFE87}.Debug|Any CPU.ActiveCfg = Debug|Any CPU
		{CF498126-780D-438C-80CB-EA2E62FFFE87}.Debug|Any CPU.Build.0 = Debug|Any CPU
		{CF498126-780D-438C-80CB-EA2E62FFFE87}.Release|Any CPU.ActiveCfg = Release|Any CPU
		{CF498126-780D-438C-80CB-EA2E62FFFE87}.Release|Any CPU.Build.0 = Release|Any CPU
		{352DCC16-E2E4-4895-B313-4A7220E390CD}.Debug|Any CPU.ActiveCfg = Debug|Any CPU
		{352DCC16-E2E4-4895-B313-4A7220E390CD}.Debug|Any CPU.Build.0 = Debug|Any CPU
		{352DCC16-E2E4-4895-B313-4A7220E390CD}.Release|Any CPU.ActiveCfg = Release|Any CPU
		{352DCC16-E2E4-4895-B313-4A7220E390CD}.Release|Any CPU.Build.0 = Release|Any CPU
	EndGlobalSection
	GlobalSection(SolutionProperties) = preSolution
		HideSolutionNode = FALSE
	EndGlobalSection
	GlobalSection(ExtensibilityGlobals) = postSolution
		SolutionGuid = {A0C1C3F7-CA5D-4D24-91BD-0E3A73235E01}
	EndGlobalSection
EndGlobal
